{
  "lockfileVersion": 1,
  "dependencies": {
    "babel-plugin-syntax-dynamic-import": {
      "version": "6.18.0",
      "resolved": "http://registry.npmjs.org/babel-plugin-syntax-dynamic-import/-/babel-plugin-syntax-dynamic-import-6.18.0.tgz",
      "integrity": "sha1-jWomIpyDdFqZgqRBBRVyyqF5sdo=",
      "dev": true
    }
  }
}
