{
  "name": "wasm",
  "version": "1.0.0",
  "lockfileVersion": 1,
  "dependencies": {
    "uupaa.useragent.js": {
      "version": "1.0.2",
      "resolved": "https://registry.npmjs.org/uupaa.useragent.js/-/uupaa.useragent.js-1.0.2.tgz",
      "integrity": "sha1-89cQWoghHxBNTs0RMqzfEsgEVZc=",
      "dev": true
    },
    "uupaa.webgldetector.js": {
      "version": "0.1.2",
      "resolved": "https://registry.npmjs.org/uupaa.webgldetector.js/-/uupaa.webgldetector.js-0.1.2.tgz",
      "integrity": "sha1-XkYMlINfdUZcFmqmEjP836OnsS4=",
      "dev": true
    }
  }
}
